
Microsoft Visual Studio Solution File, Format Version 12.00
# Visual Studio Version 17
VisualStudioVersion = 17.3.32929.385
MinimumVisualStudioVersion = 10.0.40219.1
Project("{FAE04EC0-301F-11D3-BF4B-00C04F79EFBC}") = "Custom User Controls", "Custom User Controls.csproj", "{81E29C01-D3BC-4096-8406-91F8CBAA0255}"
EndProject
Global
	GlobalSection(SolutionConfigurationPlatforms) = preSolution
		Debug|Any CPU = Debug|Any CPU
		Release|Any CPU = Release|Any CPU
	EndGlobalSection
	GlobalSection(ProjectConfigurationPlatforms) = postSolution
		{81E29C01-D3BC-4096-8406-91F8CBAA0255}.Debug|Any CPU.ActiveCfg = Debug|Any CPU
		{81E29C01-D3BC-4096-8406-91F8CBAA0255}.Debug|Any CPU.Build.0 = Debug|Any CPU
		{81E29C01-D3BC-4096-8406-91F8CBAA0255}.Release|Any CPU.ActiveCfg = Release|Any CPU
		{81E29C01-D3BC-4096-8406-91F8CBAA0255}.Release|Any CPU.Build.0 = Release|Any CPU
	EndGlobalSection
	GlobalSection(SolutionProperties) = preSolution
		HideSolutionNode = FALSE
	EndGlobalSection
	GlobalSection(ExtensibilityGlobals) = postSolution
		SolutionGuid = {C3B26BDA-D10A-4DF5-B2FC-E8544B783B7F}
	EndGlobalSection
EndGlobal
